
Microsoft Visual Studio Solution File, Format Version 12.00
Project("{FAE04EC0-301F-11D3-BF4B-00C04F79EFBC}") = "SamWork", "SamWork\SamWork.csproj", "{CCCDA7D6-BB10-42D9-B2AE-656AAB616C0B}"
EndProject
Project("{FAE04EC0-301F-11D3-BF4B-00C04F79EFBC}") = "taskA", "taskA\taskA.csproj", "{5BEADE82-3266-4826-A366-E7C6AE1D2187}"
EndProject
Project("{FAE04EC0-301F-11D3-BF4B-00C04F79EFBC}") = "taskB", "taskB\taskB.csproj", "{D195533A-ACE3-42EE-A482-6A2DA3B8410B}"
EndProject
Project("{FAE04EC0-301F-11D3-BF4B-00C04F79EFBC}") = "taskC", "taskC\taskC.csproj", "{C7C054CB-C4A9-4DFE-9903-2D51FB74B4F5}"
EndProject
Project("{FAE04EC0-301F-11D3-BF4B-00C04F79EFBC}") = "taskD", "taskD\taskD.csproj", "{123DEBD1-2501-494D-A2D4-C4F6BBCCC8B9}"
EndProject
Project("{FAE04EC0-301F-11D3-BF4B-00C04F79EFBC}") = "taskE", "taskE\taskE.csproj", "{F72382CD-BD85-4BD8-8FDC-F4FC8DDC6E0E}"
EndProject
Project("{FAE04EC0-301F-11D3-BF4B-00C04F79EFBC}") = "taskF", "taskF\taskF.csproj", "{D4C98129-0F9F-48C3-A0EB-D0EF610E4DD6}"
EndProject
Project("{FAE04EC0-301F-11D3-BF4B-00C04F79EFBC}") = "taskG", "taskG\taskG.csproj", "{42AA15D1-A623-45FE-A349-F62B7555F29B}"
EndProject
Project("{FAE04EC0-301F-11D3-BF4B-00C04F79EFBC}") = "taskH", "taskH\taskH.csproj", "{95AF82F1-7F63-4CD5-A595-456725763A5A}"
EndProject
Project("{FAE04EC0-301F-11D3-BF4B-00C04F79EFBC}") = "taskI", "taskI\taskI.csproj", "{C885CA93-F5D1-4EB1-BB49-39FBD69E70BF}"
EndProject
Project("{FAE04EC0-301F-11D3-BF4B-00C04F79EFBC}") = "taskJ", "taskJ\taskJ.csproj", "{F114BEB2-BA0D-4734-BE22-B3B0AB932A64}"
EndProject
Global
	GlobalSection(SolutionConfigurationPlatforms) = preSolution
		Debug|Any CPU = Debug|Any CPU
		Release|Any CPU = Release|Any CPU
	EndGlobalSection
	GlobalSection(ProjectConfigurationPlatforms) = postSolution
		{CCCDA7D6-BB10-42D9-B2AE-656AAB616C0B}.Debug|Any CPU.ActiveCfg = Debug|Any CPU
		{CCCDA7D6-BB10-42D9-B2AE-656AAB616C0B}.Debug|Any CPU.Build.0 = Debug|Any CPU
		{CCCDA7D6-BB10-42D9-B2AE-656AAB616C0B}.Release|Any CPU.ActiveCfg = Release|Any CPU
		{CCCDA7D6-BB10-42D9-B2AE-656AAB616C0B}.Release|Any CPU.Build.0 = Release|Any CPU
		{5BEADE82-3266-4826-A366-E7C6AE1D2187}.Debug|Any CPU.ActiveCfg = Debug|Any CPU
		{5BEADE82-3266-4826-A366-E7C6AE1D2187}.Debug|Any CPU.Build.0 = Debug|Any CPU
		{5BEADE82-3266-4826-A366-E7C6AE1D2187}.Release|Any CPU.ActiveCfg = Release|Any CPU
		{5BEADE82-3266-4826-A366-E7C6AE1D2187}.Release|Any CPU.Build.0 = Release|Any CPU
		{D195533A-ACE3-42EE-A482-6A2DA3B8410B}.Debug|Any CPU.ActiveCfg = Debug|Any CPU
		{D195533A-ACE3-42EE-A482-6A2DA3B8410B}.Debug|Any CPU.Build.0 = Debug|Any CPU
		{D195533A-ACE3-42EE-A482-6A2DA3B8410B}.Release|Any CPU.ActiveCfg = Release|Any CPU
		{D195533A-ACE3-42EE-A482-6A2DA3B8410B}.Release|Any CPU.Build.0 = Release|Any CPU
		{C7C054CB-C4A9-4DFE-9903-2D51FB74B4F5}.Debug|Any CPU.ActiveCfg = Debug|Any CPU
		{C7C054CB-C4A9-4DFE-9903-2D51FB74B4F5}.Debug|Any CPU.Build.0 = Debug|Any CPU
		{C7C054CB-C4A9-4DFE-9903-2D51FB74B4F5}.Release|Any CPU.ActiveCfg = Release|Any CPU
		{C7C054CB-C4A9-4DFE-9903-2D51FB74B4F5}.Release|Any CPU.Build.0 = Release|Any CPU
		{123DEBD1-2501-494D-A2D4-C4F6BBCCC8B9}.Debug|Any CPU.ActiveCfg = Debug|Any CPU
		{123DEBD1-2501-494D-A2D4-C4F6BBCCC8B9}.Debug|Any CPU.Build.0 = Debug|Any CPU
		{123DEBD1-2501-494D-A2D4-C4F6BBCCC8B9}.Release|Any CPU.ActiveCfg = Release|Any CPU
		{123DEBD1-2501-494D-A2D4-C4F6BBCCC8B9}.Release|Any CPU.Build.0 = Release|Any CPU
		{F72382CD-BD85-4BD8-8FDC-F4FC8DDC6E0E}.Debug|Any CPU.ActiveCfg = Debug|Any CPU
		{F72382CD-BD85-4BD8-8FDC-F4FC8DDC6E0E}.Debug|Any CPU.Build.0 = Debug|Any CPU
		{F72382CD-BD85-4BD8-8FDC-F4FC8DDC6E0E}.Release|Any CPU.ActiveCfg = Release|Any CPU
		{F72382CD-BD85-4BD8-8FDC-F4FC8DDC6E0E}.Release|Any CPU.Build.0 = Release|Any CPU
		{D4C98129-0F9F-48C3-A0EB-D0EF610E4DD6}.Debug|Any CPU.ActiveCfg = Debug|Any CPU
		{D4C98129-0F9F-48C3-A0EB-D0EF610E4DD6}.Debug|Any CPU.Build.0 = Debug|Any CPU
		{D4C98129-0F9F-48C3-A0EB-D0EF610E4DD6}.Release|Any CPU.ActiveCfg = Release|Any CPU
		{D4C98129-0F9F-48C3-A0EB-D0EF610E4DD6}.Release|Any CPU.Build.0 = Release|Any CPU
		{42AA15D1-A623-45FE-A349-F62B7555F29B}.Debug|Any CPU.ActiveCfg = Debug|Any CPU
		{42AA15D1-A623-45FE-A349-F62B7555F29B}.Debug|Any CPU.Build.0 = Debug|Any CPU
		{42AA15D1-A623-45FE-A349-F62B7555F29B}.Release|Any CPU.ActiveCfg = Release|Any CPU
		{42AA15D1-A623-45FE-A349-F62B7555F29B}.Release|Any CPU.Build.0 = Release|Any CPU
		{95AF82F1-7F63-4CD5-A595-456725763A5A}.Debug|Any CPU.ActiveCfg = Debug|Any CPU
		{95AF82F1-7F63-4CD5-A595-456725763A5A}.Debug|Any CPU.Build.0 = Debug|Any CPU
		{95AF82F1-7F63-4CD5-A595-456725763A5A}.Release|Any CPU.ActiveCfg = Release|Any CPU
		{95AF82F1-7F63-4CD5-A595-456725763A5A}.Release|Any CPU.Build.0 = Release|Any CPU
		{C885CA93-F5D1-4EB1-BB49-39FBD69E70BF}.Debug|Any CPU.ActiveCfg = Debug|Any CPU
		{C885CA93-F5D1-4EB1-BB49-39FBD69E70BF}.Debug|Any CPU.Build.0 = Debug|Any CPU
		{C885CA93-F5D1-4EB1-BB49-39FBD69E70BF}.Release|Any CPU.ActiveCfg = Release|Any CPU
		{C885CA93-F5D1-4EB1-BB49-39FBD69E70BF}.Release|Any CPU.Build.0 = Release|Any CPU
		{F114BEB2-BA0D-4734-BE22-B3B0AB932A64}.Debug|Any CPU.ActiveCfg = Debug|Any CPU
		{F114BEB2-BA0D-4734-BE22-B3B0AB932A64}.Debug|Any CPU.Build.0 = Debug|Any CPU
		{F114BEB2-BA0D-4734-BE22-B3B0AB932A64}.Release|Any CPU.ActiveCfg = Release|Any CPU
		{F114BEB2-BA0D-4734-BE22-B3B0AB932A64}.Release|Any CPU.Build.0 = Release|Any CPU
	EndGlobalSection
EndGlobal
